
Microsoft Visual Studio Solution File, Format Version 12.00
# Visual Studio Version 16
VisualStudioVersion = 16.0.29905.134
MinimumVisualStudioVersion = 10.0.40219.1
Project("{9A19103F-16F7-4668-BE54-9A1E7A4F7556}") = "ProgramListing.Service", "ProgramListing.Service\ProgramListing.Service.csproj", "{427EB41B-FF18-40FC-83ED-2BC513F5A2DD}"
EndProject
Global
	GlobalSection(SolutionConfigurationPlatforms) = preSolution
		Debug|Any CPU = Debug|Any CPU
		Release|Any CPU = Release|Any CPU
	EndGlobalSection
	GlobalSection(ProjectConfigurationPlatforms) = postSolution
		{427EB41B-FF18-40FC-83ED-2BC513F5A2DD}.Debug|Any CPU.ActiveCfg = Debug|Any CPU
		{427EB41B-FF18-40FC-83ED-2BC513F5A2DD}.Debug|Any CPU.Build.0 = Debug|Any CPU
		{427EB41B-FF18-40FC-83ED-2BC513F5A2DD}.Release|Any CPU.ActiveCfg = Release|Any CPU
		{427EB41B-FF18-40FC-83ED-2BC513F5A2DD}.Release|Any CPU.Build.0 = Release|Any CPU
	EndGlobalSection
	GlobalSection(SolutionProperties) = preSolution
		HideSolutionNode = FALSE
	EndGlobalSection
	GlobalSection(ExtensibilityGlobals) = postSolution
		SolutionGuid = {11B44BC0-AF85-4F38-88FF-C518827FBCFC}
	EndGlobalSection
EndGlobal
